
Microsoft Visual Studio Solution File, Format Version 12.00
# Visual Studio 14
VisualStudioVersion = 14.0.24720.0
MinimumVisualStudioVersion = 10.0.40219.1
Project("{F184B08F-C81C-45F6-A57F-5ABD9991F28F}") = "SkyCD", "SkyCD\SkyCD.vbproj", "{2901D66B-B925-4BB5-A214-0668C637191A}"
EndProject
Project("{F184B08F-C81C-45F6-A57F-5ABD9991F28F}") = "TextFormat", "Plugins\FileFormat\TextFormat\TextFormat.vbproj", "{0C8C9ADA-87DF-45AF-B39B-31D89F6DBEB5}"
EndProject
Project("{F184B08F-C81C-45F6-A57F-5ABD9991F28F}") = "CompressedTextFormat", "Plugins\FileFormat\CompressedTextFormat\CompressedTextFormat.vbproj", "{28B96B2D-C571-4322-8850-FE567D2E0A3E}"
EndProject
Project("{F184B08F-C81C-45F6-A57F-5ABD9991F28F}") = "SkyCDNativeFormat", "Plugins\FileFormat\SkyCDNativeFormat\SkyCDNativeFormat.vbproj", "{55C16227-EC4E-4B95-B0D6-3B9109A1ED45}"
EndProject
Project("{2150E333-8FDC-42A3-9474-1A3956D46DE8}") = "FileFormat", "FileFormat", "{490664EA-A8AA-464B-B9D8-8D606187FFD8}"
EndProject
Project("{F184B08F-C81C-45F6-A57F-5ABD9991F28F}") = "MotionDetector", "MotionDetector\MotionDetector.vbproj", "{0D9D8E6F-692C-42D3-8749-D63BE5E61317}"
EndProject
Project("{2150E333-8FDC-42A3-9474-1A3956D46DE8}") = "Plugins", "Plugins", "{84651775-2B2F-47E3-B689-22280CB74201}"
EndProject
Project("{2150E333-8FDC-42A3-9474-1A3956D46DE8}") = "Functionality", "Functionality", "{1CF634AF-3021-4324-BDF9-ED2EC24A1983}"
EndProject
Project("{F184B08F-C81C-45F6-A57F-5ABD9991F28F}") = "SkyAdvancedFunctions", "Libraries\scdStringsLibrary\SkyAdvancedFunctions.vbproj", "{A571A7FF-8001-43E3-A1F2-AD0136A6F9FE}"
EndProject
Project("{2150E333-8FDC-42A3-9474-1A3956D46DE8}") = "Libraries", "Libraries", "{5C5B0029-B203-451C-8D11-3F6F95DA463C}"
EndProject
Project("{F184B08F-C81C-45F6-A57F-5ABD9991F28F}") = "SkyCD_Simple", "Libraries\SkyCD_Simple\SkyCD_Simple.vbproj", "{A5CE10D2-8D0E-403C-B6B5-ECC5045EEE90}"
EndProject
Project("{F184B08F-C81C-45F6-A57F-5ABD9991F28F}") = "SkyCD.Core", "Core\SkyCD.Core.vbproj", "{4E89BBA3-358A-443C-9E1C-492E1FAAC150}"
EndProject
Project("{F184B08F-C81C-45F6-A57F-5ABD9991F28F}") = "WebBrowser_ipf", "Plugins\Functionality\WebBrowser_ipf\WebBrowser_ipf.vbproj", "{1453EA0B-B6F5-4190-BD12-F396D007C186}"
EndProject
Project("{F184B08F-C81C-45F6-A57F-5ABD9991F28F}") = "XMLSettings", "Libraries\XMLSettings\XMLSettings.vbproj", "{35093714-3FD5-45C9-BA11-772667AAEC4B}"
EndProject
Global
	GlobalSection(SolutionConfigurationPlatforms) = preSolution
		Debug|Any CPU = Debug|Any CPU
		Release|Any CPU = Release|Any CPU
	EndGlobalSection
	GlobalSection(ProjectConfigurationPlatforms) = postSolution
		{2901D66B-B925-4BB5-A214-0668C637191A}.Debug|Any CPU.ActiveCfg = Debug|Any CPU
		{2901D66B-B925-4BB5-A214-0668C637191A}.Debug|Any CPU.Build.0 = Debug|Any CPU
		{2901D66B-B925-4BB5-A214-0668C637191A}.Release|Any CPU.ActiveCfg = Release|Any CPU
		{2901D66B-B925-4BB5-A214-0668C637191A}.Release|Any CPU.Build.0 = Release|Any CPU
		{0C8C9ADA-87DF-45AF-B39B-31D89F6DBEB5}.Debug|Any CPU.ActiveCfg = Debug|Any CPU
		{0C8C9ADA-87DF-45AF-B39B-31D89F6DBEB5}.Debug|Any CPU.Build.0 = Debug|Any CPU
		{0C8C9ADA-87DF-45AF-B39B-31D89F6DBEB5}.Release|Any CPU.ActiveCfg = Release|Any CPU
		{0C8C9ADA-87DF-45AF-B39B-31D89F6DBEB5}.Release|Any CPU.Build.0 = Release|Any CPU
		{28B96B2D-C571-4322-8850-FE567D2E0A3E}.Debug|Any CPU.ActiveCfg = Debug|Any CPU
		{28B96B2D-C571-4322-8850-FE567D2E0A3E}.Debug|Any CPU.Build.0 = Debug|Any CPU
		{28B96B2D-C571-4322-8850-FE567D2E0A3E}.Release|Any CPU.ActiveCfg = Release|Any CPU
		{28B96B2D-C571-4322-8850-FE567D2E0A3E}.Release|Any CPU.Build.0 = Release|Any CPU
		{55C16227-EC4E-4B95-B0D6-3B9109A1ED45}.Debug|Any CPU.ActiveCfg = Debug|Any CPU
		{55C16227-EC4E-4B95-B0D6-3B9109A1ED45}.Debug|Any CPU.Build.0 = Debug|Any CPU
		{55C16227-EC4E-4B95-B0D6-3B9109A1ED45}.Release|Any CPU.ActiveCfg = Release|Any CPU
		{55C16227-EC4E-4B95-B0D6-3B9109A1ED45}.Release|Any CPU.Build.0 = Release|Any CPU
		{0D9D8E6F-692C-42D3-8749-D63BE5E61317}.Debug|Any CPU.ActiveCfg = Debug|Any CPU
		{0D9D8E6F-692C-42D3-8749-D63BE5E61317}.Debug|Any CPU.Build.0 = Debug|Any CPU
		{0D9D8E6F-692C-42D3-8749-D63BE5E61317}.Release|Any CPU.ActiveCfg = Release|Any CPU
		{0D9D8E6F-692C-42D3-8749-D63BE5E61317}.Release|Any CPU.Build.0 = Release|Any CPU
		{A571A7FF-8001-43E3-A1F2-AD0136A6F9FE}.Debug|Any CPU.ActiveCfg = Debug|Any CPU
		{A571A7FF-8001-43E3-A1F2-AD0136A6F9FE}.Debug|Any CPU.Build.0 = Debug|Any CPU
		{A571A7FF-8001-43E3-A1F2-AD0136A6F9FE}.Release|Any CPU.ActiveCfg = Release|Any CPU
		{A571A7FF-8001-43E3-A1F2-AD0136A6F9FE}.Release|Any CPU.Build.0 = Release|Any CPU
		{A5CE10D2-8D0E-403C-B6B5-ECC5045EEE90}.Debug|Any CPU.ActiveCfg = Debug|Any CPU
		{A5CE10D2-8D0E-403C-B6B5-ECC5045EEE90}.Debug|Any CPU.Build.0 = Debug|Any CPU
		{A5CE10D2-8D0E-403C-B6B5-ECC5045EEE90}.Release|Any CPU.ActiveCfg = Release|Any CPU
		{A5CE10D2-8D0E-403C-B6B5-ECC5045EEE90}.Release|Any CPU.Build.0 = Release|Any CPU
		{4E89BBA3-358A-443C-9E1C-492E1FAAC150}.Debug|Any CPU.ActiveCfg = Debug|Any CPU
		{4E89BBA3-358A-443C-9E1C-492E1FAAC150}.Debug|Any CPU.Build.0 = Debug|Any CPU
		{4E89BBA3-358A-443C-9E1C-492E1FAAC150}.Release|Any CPU.ActiveCfg = Release|Any CPU
		{4E89BBA3-358A-443C-9E1C-492E1FAAC150}.Release|Any CPU.Build.0 = Release|Any CPU
		{1453EA0B-B6F5-4190-BD12-F396D007C186}.Debug|Any CPU.ActiveCfg = Debug|Any CPU
		{1453EA0B-B6F5-4190-BD12-F396D007C186}.Debug|Any CPU.Build.0 = Debug|Any CPU
		{1453EA0B-B6F5-4190-BD12-F396D007C186}.Release|Any CPU.ActiveCfg = Release|Any CPU
		{1453EA0B-B6F5-4190-BD12-F396D007C186}.Release|Any CPU.Build.0 = Release|Any CPU
		{35093714-3FD5-45C9-BA11-772667AAEC4B}.Debug|Any CPU.ActiveCfg = Debug|Any CPU
		{35093714-3FD5-45C9-BA11-772667AAEC4B}.Debug|Any CPU.Build.0 = Debug|Any CPU
		{35093714-3FD5-45C9-BA11-772667AAEC4B}.Release|Any CPU.ActiveCfg = Release|Any CPU
		{35093714-3FD5-45C9-BA11-772667AAEC4B}.Release|Any CPU.Build.0 = Release|Any CPU
	EndGlobalSection
	GlobalSection(SolutionProperties) = preSolution
		HideSolutionNode = FALSE
	EndGlobalSection
	GlobalSection(NestedProjects) = preSolution
		{0C8C9ADA-87DF-45AF-B39B-31D89F6DBEB5} = {490664EA-A8AA-464B-B9D8-8D606187FFD8}
		{28B96B2D-C571-4322-8850-FE567D2E0A3E} = {490664EA-A8AA-464B-B9D8-8D606187FFD8}
		{55C16227-EC4E-4B95-B0D6-3B9109A1ED45} = {490664EA-A8AA-464B-B9D8-8D606187FFD8}
		{490664EA-A8AA-464B-B9D8-8D606187FFD8} = {84651775-2B2F-47E3-B689-22280CB74201}
		{0D9D8E6F-692C-42D3-8749-D63BE5E61317} = {1CF634AF-3021-4324-BDF9-ED2EC24A1983}
		{1CF634AF-3021-4324-BDF9-ED2EC24A1983} = {84651775-2B2F-47E3-B689-22280CB74201}
		{A571A7FF-8001-43E3-A1F2-AD0136A6F9FE} = {5C5B0029-B203-451C-8D11-3F6F95DA463C}
		{A5CE10D2-8D0E-403C-B6B5-ECC5045EEE90} = {5C5B0029-B203-451C-8D11-3F6F95DA463C}
		{4E89BBA3-358A-443C-9E1C-492E1FAAC150} = {5C5B0029-B203-451C-8D11-3F6F95DA463C}
		{1453EA0B-B6F5-4190-BD12-F396D007C186} = {1CF634AF-3021-4324-BDF9-ED2EC24A1983}
		{35093714-3FD5-45C9-BA11-772667AAEC4B} = {5C5B0029-B203-451C-8D11-3F6F95DA463C}
	EndGlobalSection
EndGlobal
