<Solution>
    <Folder Name="/Plugins/"/>
    <Folder Name="/Plugins/functional/">
        <Project Path="Plugins/SkyCD.Plugin.Legacy.Ascd/SkyCD.Plugin.Legacy.Ascd.csproj"/>
        <Project Path="Plugins/SkyCD.Plugin.Legacy.Cscd/SkyCD.Plugin.Legacy.Cscd.csproj"/>
        <Project Path="Plugins/SkyCD.Plugin.Legacy.Scd/SkyCD.Plugin.Legacy.Scd.csproj"/>
    </Folder>
    <Folder Name="/Plugins/samples/">
        <Project Path="Plugins/SkyCD.Plugin.Csv/SkyCD.Plugin.Csv.csproj"/>
        <Project Path="Plugins/SkyCD.Plugin.Html/SkyCD.Plugin.Html.csproj"/>
        <Project Path="Plugins/SkyCD.Plugin.Iso/SkyCD.Plugin.Iso.csproj"/>
        <Project Path="Plugins/SkyCD.Plugin.Json/SkyCD.Plugin.Json.csproj"/>
        <Project Path="Plugins/SkyCD.Plugin.Markdown/SkyCD.Plugin.Markdown.csproj"/>
        <Project Path="Plugins/SkyCD.Plugin.M3u/SkyCD.Plugin.M3u.csproj"/>
        <Project Path="Plugins/SkyCD.Plugin.Pls/SkyCD.Plugin.Pls.csproj"/>
        <Project Path="Plugins/SkyCD.Plugin.Sample.Menu/SkyCD.Plugin.Sample.Menu.csproj"/>
        <Project Path="Plugins/SkyCD.Plugin.Zip/SkyCD.Plugin.Zip.csproj"/>
        <Project Path="Plugins/SkyCD.Plugin.SevenZip/SkyCD.Plugin.SevenZip.csproj"/>
        <Project Path="Plugins/SkyCD.Plugin.Toml/SkyCD.Plugin.Toml.csproj"/>
        <Project Path="Plugins/SkyCD.Plugin.Tar/SkyCD.Plugin.Tar.csproj"/>
        <Project Path="Plugins/SkyCD.Plugin.Xml/SkyCD.Plugin.Xml.csproj"/>
        <Project Path="Plugins/SkyCD.Plugin.Xspf/SkyCD.Plugin.Xspf.csproj"/>
        <Project Path="Plugins/SkyCD.Plugin.Sample.Modal/SkyCD.Plugin.Sample.Modal.csproj"/>
        <Project Path="Plugins/SkyCD.Plugin.Yaml/SkyCD.Plugin.Yaml.csproj"/>
        <Project Path="Plugins/SkyCD.Plugin.WebBrowser/SkyCD.Plugin.WebBrowser.csproj"/>
    </Folder>
    <Folder Name="/src/">
        <Project Path="src/SkyCD.App/SkyCD.App.csproj"/>
        <Project Path="src/SkyCD.Cli/SkyCD.Cli.csproj"/>
        <Project Path="src/SkyCD.Core/SkyCD.Core.csproj"/>
        <Project Path="src/SkyCD.Couchbase/SkyCD.Couchbase.csproj"/>
        <Project Path="src/SkyCD.UI/SkyCD.UI.csproj"/>
        <Project Path="src/SkyCD.Documents/SkyCD.Documents.csproj"/>
        <Project Path="src/SkyCD.Formatting/SkyCD.Formatting.csproj"/>
        <Project Path="src/SkyCD.Logging/SkyCD.Logging.csproj"/>
        <Project Path="src/SkyCD.Plugin.Abstractions/SkyCD.Plugin.Abstractions.csproj"/>
        <Project Path="src/SkyCD.Plugin.Host/SkyCD.Plugin.Host.csproj"/>
        <Project Path="src/SkyCD.Plugin.Runtime/SkyCD.Plugin.Runtime.csproj"/>
        <Project Path="src/SkyCD.Presentation/SkyCD.Presentation.csproj"/>
    </Folder>
    <Folder Name="/tests/">
        <Project Path="tests/SkyCD.App.Tests/SkyCD.App.Tests.csproj"/>
        <Project Path="tests/SkyCD.Cli.Tests/SkyCD.Cli.Tests.csproj"/>
        <Project Path="tests/SkyCD.Couchbase.Tests/SkyCD.Couchbase.Tests.csproj"/>
        <Project Path="tests/SkyCD.Formatting.Tests/SkyCD.Formatting.Tests.csproj"/>
        <Project Path="tests/SkyCD.UI.Tests/SkyCD.UI.Tests.csproj"/>
        <Project Path="tests/SkyCD.Logging.Tests/SkyCD.Logging.Tests.csproj"/>
        <Project Path="tests/SkyCD.Plugin.Runtime.Tests/SkyCD.Plugin.Runtime.Tests.csproj"/>
        <Project Path="tests/SkyCD.Plugin.Csv.Tests/SkyCD.Plugin.Csv.Tests.csproj"/>
        <Project Path="tests/SkyCD.Plugin.Html.Tests/SkyCD.Plugin.Html.Tests.csproj"/>
        <Project Path="tests/SkyCD.Plugin.Iso.Tests/SkyCD.Plugin.Iso.Tests.csproj"/>
        <Project Path="tests/SkyCD.Plugin.Json.Tests/SkyCD.Plugin.Json.Tests.csproj"/>
        <Project Path="tests/SkyCD.Plugin.Legacy.Ascd.Tests/SkyCD.Plugin.Legacy.Ascd.Tests.csproj"/>
        <Project Path="tests/SkyCD.Plugin.Legacy.Cscd.Tests/SkyCD.Plugin.Legacy.Cscd.Tests.csproj"/>
        <Project Path="tests/SkyCD.Plugin.Legacy.Scd.Tests/SkyCD.Plugin.Legacy.Scd.Tests.csproj"/>
        <Project Path="tests/SkyCD.Plugin.Markdown.Tests/SkyCD.Plugin.Markdown.Tests.csproj"/>
        <Project Path="tests/SkyCD.Plugin.M3u.Tests/SkyCD.Plugin.M3u.Tests.csproj"/>
        <Project Path="tests/SkyCD.Plugin.Pls.Tests/SkyCD.Plugin.Pls.Tests.csproj"/>
        <Project Path="tests/SkyCD.Plugin.Sample.Menu.Tests/SkyCD.Plugin.Sample.Menu.Tests.csproj"/>
        <Project Path="tests/SkyCD.Plugin.Sample.Modal.Tests/SkyCD.Plugin.Sample.Modal.Tests.csproj"/>
        <Project Path="tests/SkyCD.Plugin.SevenZip.Tests/SkyCD.Plugin.SevenZip.Tests.csproj"/>
        <Project Path="tests/SkyCD.Plugin.Tar.Tests/SkyCD.Plugin.Tar.Tests.csproj"/>
        <Project Path="tests/SkyCD.Plugin.Toml.Tests/SkyCD.Plugin.Toml.Tests.csproj"/>
        <Project Path="tests/SkyCD.Plugin.Xml.Tests/SkyCD.Plugin.Xml.Tests.csproj"/>
        <Project Path="tests/SkyCD.Plugin.Xspf.Tests/SkyCD.Plugin.Xspf.Tests.csproj"/>
        <Project Path="tests/SkyCD.Plugin.Yaml.Tests/SkyCD.Plugin.Yaml.Tests.csproj"/>
        <Project Path="tests/SkyCD.Plugin.Zip.Tests/SkyCD.Plugin.Zip.Tests.csproj"/>
        <Project Path="tests/SkyCD.Plugin.WebBrowser.Tests/SkyCD.Plugin.WebBrowser.Tests.csproj"/>
    </Folder>
    <Folder Name="/tools/"/>
</Solution>
